
Microsoft Visual Studio Solution File, Format Version 12.00
# Visual Studio 15
VisualStudioVersion = 15.0.28307.421
MinimumVisualStudioVersion = 10.0.40219.1
Project("{FAE04EC0-301F-11D3-BF4B-00C04F79EFBC}") = "LocadoradeFilmes", "LocadoradeFilmes\LocadoradeFilmes.csproj", "{82E65E62-04BA-48E0-9225-C55E76769B44}"
EndProject
Global
	GlobalSection(SolutionConfigurationPlatforms) = preSolution
		Debug|Any CPU = Debug|Any CPU
		Release|Any CPU = Release|Any CPU
	EndGlobalSection
	GlobalSection(ProjectConfigurationPlatforms) = postSolution
		{82E65E62-04BA-48E0-9225-C55E76769B44}.Debug|Any CPU.ActiveCfg = Debug|Any CPU
		{82E65E62-04BA-48E0-9225-C55E76769B44}.Debug|Any CPU.Build.0 = Debug|Any CPU
		{82E65E62-04BA-48E0-9225-C55E76769B44}.Release|Any CPU.ActiveCfg = Release|Any CPU
		{82E65E62-04BA-48E0-9225-C55E76769B44}.Release|Any CPU.Build.0 = Release|Any CPU
	EndGlobalSection
	GlobalSection(SolutionProperties) = preSolution
		HideSolutionNode = FALSE
	EndGlobalSection
	GlobalSection(ExtensibilityGlobals) = postSolution
		SolutionGuid = {571F60D5-BB0C-4BBF-A987-E87548601CF9}
	EndGlobalSection
EndGlobal
